
Microsoft Visual Studio Solution File, Format Version 12.00
# Visual Studio Version 16
VisualStudioVersion = 25.0.1703.5
MinimumVisualStudioVersion = 10.0.40219.1
Project("{FAE04EC0-301F-11D3-BF4B-00C04F79EFBC}") = "FT.UI.Console", "FederationTodo\FT.UI.Console.csproj", "{329EEDD5-5441-4751-9187-B9348DA4AA5A}"
EndProject
Project("{FAE04EC0-301F-11D3-BF4B-00C04F79EFBC}") = "FT.ApplicationCore", "FT.ApplicationCore\FT.ApplicationCore.csproj", "{3BE25CDE-99EA-4C16-93E4-EB525DF1AF64}"
EndProject
Global
	GlobalSection(SolutionConfigurationPlatforms) = preSolution
		Debug|Any CPU = Debug|Any CPU
		Release|Any CPU = Release|Any CPU
	EndGlobalSection
	GlobalSection(ProjectConfigurationPlatforms) = postSolution
		{329EEDD5-5441-4751-9187-B9348DA4AA5A}.Debug|Any CPU.ActiveCfg = Debug|Any CPU
		{329EEDD5-5441-4751-9187-B9348DA4AA5A}.Debug|Any CPU.Build.0 = Debug|Any CPU
		{329EEDD5-5441-4751-9187-B9348DA4AA5A}.Release|Any CPU.ActiveCfg = Release|Any CPU
		{329EEDD5-5441-4751-9187-B9348DA4AA5A}.Release|Any CPU.Build.0 = Release|Any CPU
		{3BE25CDE-99EA-4C16-93E4-EB525DF1AF64}.Debug|Any CPU.ActiveCfg = Debug|Any CPU
		{3BE25CDE-99EA-4C16-93E4-EB525DF1AF64}.Debug|Any CPU.Build.0 = Debug|Any CPU
		{3BE25CDE-99EA-4C16-93E4-EB525DF1AF64}.Release|Any CPU.ActiveCfg = Release|Any CPU
		{3BE25CDE-99EA-4C16-93E4-EB525DF1AF64}.Release|Any CPU.Build.0 = Release|Any CPU
	EndGlobalSection
	GlobalSection(SolutionProperties) = preSolution
		HideSolutionNode = FALSE
	EndGlobalSection
	GlobalSection(ExtensibilityGlobals) = postSolution
		SolutionGuid = {A91A423A-DF5F-4B8D-B060-31F39AC51F15}
	EndGlobalSection
EndGlobal
